
Microsoft Visual Studio Solution File, Format Version 12.00
# Visual Studio Version 16
VisualStudioVersion = 16.0.30709.64
MinimumVisualStudioVersion = 10.0.40219.1
Project("{9A19103F-16F7-4668-BE54-9A1E7A4F7556}") = "Knuth.Authentication.TOTP", "Knuth.Authentication.TOTP\Knuth.Authentication.TOTP.csproj", "{43AB568B-3C0C-4E03-ACFB-DF1CF2D60F7F}"
EndProject
Project("{9A19103F-16F7-4668-BE54-9A1E7A4F7556}") = "Knuth.Authentication.TOTP.Test", "Knuth.Authentication.TOTP.Test\Knuth.Authentication.TOTP.Test.csproj", "{269735FC-1B1D-4DB9-8E77-60F24296D466}"
EndProject
Project("{FAE04EC0-301F-11D3-BF4B-00C04F79EFBC}") = "TOTP", "TOTP\TOTP.csproj", "{A02DB2D4-7257-45A8-85C8-952AF2202BCB}"
EndProject
Global
	GlobalSection(SolutionConfigurationPlatforms) = preSolution
		Debug|Any CPU = Debug|Any CPU
		Release|Any CPU = Release|Any CPU
	EndGlobalSection
	GlobalSection(ProjectConfigurationPlatforms) = postSolution
		{43AB568B-3C0C-4E03-ACFB-DF1CF2D60F7F}.Debug|Any CPU.ActiveCfg = Debug|Any CPU
		{43AB568B-3C0C-4E03-ACFB-DF1CF2D60F7F}.Debug|Any CPU.Build.0 = Debug|Any CPU
		{43AB568B-3C0C-4E03-ACFB-DF1CF2D60F7F}.Release|Any CPU.ActiveCfg = Release|Any CPU
		{43AB568B-3C0C-4E03-ACFB-DF1CF2D60F7F}.Release|Any CPU.Build.0 = Release|Any CPU
		{269735FC-1B1D-4DB9-8E77-60F24296D466}.Debug|Any CPU.ActiveCfg = Debug|Any CPU
		{269735FC-1B1D-4DB9-8E77-60F24296D466}.Debug|Any CPU.Build.0 = Debug|Any CPU
		{269735FC-1B1D-4DB9-8E77-60F24296D466}.Release|Any CPU.ActiveCfg = Release|Any CPU
		{269735FC-1B1D-4DB9-8E77-60F24296D466}.Release|Any CPU.Build.0 = Release|Any CPU
		{A02DB2D4-7257-45A8-85C8-952AF2202BCB}.Debug|Any CPU.ActiveCfg = Debug|Any CPU
		{A02DB2D4-7257-45A8-85C8-952AF2202BCB}.Debug|Any CPU.Build.0 = Debug|Any CPU
		{A02DB2D4-7257-45A8-85C8-952AF2202BCB}.Release|Any CPU.ActiveCfg = Release|Any CPU
		{A02DB2D4-7257-45A8-85C8-952AF2202BCB}.Release|Any CPU.Build.0 = Release|Any CPU
	EndGlobalSection
	GlobalSection(SolutionProperties) = preSolution
		HideSolutionNode = FALSE
	EndGlobalSection
	GlobalSection(ExtensibilityGlobals) = postSolution
		SolutionGuid = {4C693934-8FA9-4B2A-985A-52D5F4A00CD8}
	EndGlobalSection
EndGlobal
