
Microsoft Visual Studio Solution File, Format Version 12.00
# Visual Studio Version 16
VisualStudioVersion = 16.0.30709.64
MinimumVisualStudioVersion = 10.0.40219.1
Project("{9A19103F-16F7-4668-BE54-9A1E7A4F7556}") = "Knuth.Authentication.TOTP", "Knuth.Authentication.TOTP\Knuth.Authentication.TOTP.csproj", "{43AB568B-3C0C-4E03-ACFB-DF1CF2D60F7F}"
EndProject
Project("{9A19103F-16F7-4668-BE54-9A1E7A4F7556}") = "Knuth.Authentication.TOTP.Test", "Knuth.Authentication.TOTP.Test\Knuth.Authentication.TOTP.Test.csproj", "{269735FC-1B1D-4DB9-8E77-60F24296D466}"
EndProject
Project("{9A19103F-16F7-4668-BE54-9A1E7A4F7556}") = "TOTP.Console", "TOTP.Console\TOTP.Console.csproj", "{572335DB-5960-47B6-B213-F4D2FFC9D9C6}"
EndProject
Project("{2150E333-8FDC-42A3-9474-1A3956D46DE8}") = "Solution Items", "Solution Items", "{CB8D5DCA-F388-48CB-8096-E3EE2B2286A8}"
	ProjectSection(SolutionItems) = preProject
		..\README.md = ..\README.md
	EndProjectSection
EndProject
Global
	GlobalSection(SolutionConfigurationPlatforms) = preSolution
		Debug|Any CPU = Debug|Any CPU
		Release|Any CPU = Release|Any CPU
	EndGlobalSection
	GlobalSection(ProjectConfigurationPlatforms) = postSolution
		{43AB568B-3C0C-4E03-ACFB-DF1CF2D60F7F}.Debug|Any CPU.ActiveCfg = Debug|Any CPU
		{43AB568B-3C0C-4E03-ACFB-DF1CF2D60F7F}.Debug|Any CPU.Build.0 = Debug|Any CPU
		{43AB568B-3C0C-4E03-ACFB-DF1CF2D60F7F}.Release|Any CPU.ActiveCfg = Release|Any CPU
		{43AB568B-3C0C-4E03-ACFB-DF1CF2D60F7F}.Release|Any CPU.Build.0 = Release|Any CPU
		{269735FC-1B1D-4DB9-8E77-60F24296D466}.Debug|Any CPU.ActiveCfg = Debug|Any CPU
		{269735FC-1B1D-4DB9-8E77-60F24296D466}.Debug|Any CPU.Build.0 = Debug|Any CPU
		{269735FC-1B1D-4DB9-8E77-60F24296D466}.Release|Any CPU.ActiveCfg = Release|Any CPU
		{269735FC-1B1D-4DB9-8E77-60F24296D466}.Release|Any CPU.Build.0 = Release|Any CPU
		{572335DB-5960-47B6-B213-F4D2FFC9D9C6}.Debug|Any CPU.ActiveCfg = Debug|Any CPU
		{572335DB-5960-47B6-B213-F4D2FFC9D9C6}.Debug|Any CPU.Build.0 = Debug|Any CPU
		{572335DB-5960-47B6-B213-F4D2FFC9D9C6}.Release|Any CPU.ActiveCfg = Release|Any CPU
		{572335DB-5960-47B6-B213-F4D2FFC9D9C6}.Release|Any CPU.Build.0 = Release|Any CPU
	EndGlobalSection
	GlobalSection(SolutionProperties) = preSolution
		HideSolutionNode = FALSE
	EndGlobalSection
	GlobalSection(ExtensibilityGlobals) = postSolution
		SolutionGuid = {4C693934-8FA9-4B2A-985A-52D5F4A00CD8}
	EndGlobalSection
EndGlobal
